// !$*UTF8*$!
{
	archiveVersion = 1;
	classes = {
	};
	objectVersion = 46;
	objects = {

/* Begin PBXBuildFile section */
		A071FB571BC7902400512A24 /* main.m in Sources */ = {isa = PBXBuildFile; fileRef = A071FB561BC7902400512A24 /* main.m */; };
		A071FB5A1BC7902400512A24 /* AppDelegate.m in Sources */ = {isa = PBXBuildFile; fileRef = A071FB591BC7902400512A24 /* AppDelegate.m */; };
		A071FB5D1BC7902400512A24 /* ViewController.m in Sources */ = {isa = PBXBuildFile; fileRef = A071FB5C1BC7902400512A24 /* ViewController.m */; };
		A071FB601BC7902400512A24 /* Main.storyboard in Resources */ = {isa = PBXBuildFile; fileRef = A071FB5E1BC7902400512A24 /* Main.storyboard */; };
		A071FB621BC7902400512A24 /* Assets.xcassets in Resources */ = {isa = PBXBuildFile; fileRef = A071FB611BC7902400512A24 /* Assets.xcassets */; };
		A071FB651BC7902400512A24 /* LaunchScreen.storyboard in Resources */ = {isa = PBXBuildFile; fileRef = A071FB631BC7902400512A24 /* LaunchScreen.storyboard */; };
		A071FB701BC7902400512A24 /* MQTimerTests.m in Sources */ = {isa = PBXBuildFile; fileRef = A071FB6F1BC7902400512A24 /* MQTimerTests.m */; };
		A071FB7B1BC7902400512A24 /* MQTimerUITests.m in Sources */ = {isa = PBXBuildFile; fileRef = A071FB7A1BC7902400512A24 /* MQTimerUITests.m */; };
		A071FB8B1BC7905600512A24 /* MQTimer.m in Sources */ = {isa = PBXBuildFile; fileRef = A071FB8A1BC7905600512A24 /* MQTimer.m */; settings = {ASSET_TAGS = (); }; };
/* End PBXBuildFile section */

/* Begin PBXContainerItemProxy section */
		A071FB6C1BC7902400512A24 /* PBXContainerItemProxy */ = {
			isa = PBXContainerItemProxy;
			containerPortal = A071FB4A1BC7902400512A24 /* Project object */;
			proxyType = 1;
			remoteGlobalIDString = A071FB511BC7902400512A24;
			remoteInfo = MQTimer;
		};
		A071FB771BC7902400512A24 /* PBXContainerItemProxy */ = {
			isa = PBXContainerItemProxy;
			containerPortal = A071FB4A1BC7902400512A24 /* Project object */;
			proxyType = 1;
			remoteGlobalIDString = A071FB511BC7902400512A24;
			remoteInfo = MQTimer;
		};
/* End PBXContainerItemProxy section */

/* Begin PBXFileReference section */
		A071FB521BC7902400512A24 /* MQTimer.app */ = {isa = PBXFileReference; explicitFileType = wrapper.application; includeInIndex = 0; path = MQTimer.app; sourceTree = BUILT_PRODUCTS_DIR; };
		A071FB561BC7902400512A24 /* main.m */ = {isa = PBXFileReference; lastKnownFileType = sourcecode.c.objc; path = main.m; sourceTree = "<group>"; };
		A071FB581BC7902400512A24 /* AppDelegate.h */ = {isa = PBXFileReference; lastKnownFileType = sourcecode.c.h; path = AppDelegate.h; sourceTree = "<group>"; };
		A071FB591BC7902400512A24 /* AppDelegate.m */ = {isa = PBXFileReference; lastKnownFileType = sourcecode.c.objc; path = AppDelegate.m; sourceTree = "<group>"; };
		A071FB5B1BC7902400512A24 /* ViewController.h */ = {isa = PBXFileReference; lastKnownFileType = sourcecode.c.h; path = ViewController.h; sourceTree = "<group>"; };
		A071FB5C1BC7902400512A24 /* ViewController.m */ = {isa = PBXFileReference; lastKnownFileType = sourcecode.c.objc; path = ViewController.m; sourceTree = "<group>"; };
		A071FB5F1BC7902400512A24 /* Base */ = {isa = PBXFileReference; lastKnownFileType = file.storyboard; name = Base; path = Base.lproj/Main.storyboard; sourceTree = "<group>"; };
		A071FB611BC7902400512A24 /* Assets.xcassets */ = {isa = PBXFileReference; lastKnownFileType = folder.assetcatalog; path = Assets.xcassets; sourceTree = "<group>"; };
		A071FB641BC7902400512A24 /* Base */ = {isa = PBXFileReference; lastKnownFileType = file.storyboard; name = Base; path = Base.lproj/LaunchScreen.storyboard; sourceTree = "<group>"; };
		A071FB661BC7902400512A24 /* Info.plist */ = {isa = PBXFileReference; lastKnownFileType = text.plist.xml; path = Info.plist; sourceTree = "<group>"; };
		A071FB6B1BC7902400512A24 /* MQTimerTests.xctest */ = {isa = PBXFileReference; explicitFileType = wrapper.cfbundle; includeInIndex = 0; path = MQTimerTests.xctest; sourceTree = BUILT_PRODUCTS_DIR; };
		A071FB6F1BC7902400512A24 /* MQTimerTests.m */ = {isa = PBXFileReference; lastKnownFileType = sourcecode.c.objc; path = MQTimerTests.m; sourceTree = "<group>"; };
		A071FB711BC7902400512A24 /* Info.plist */ = {isa = PBXFileReference; lastKnownFileType = text.plist.xml; path = Info.plist; sourceTree = "<group>"; };
		A071FB761BC7902400512A24 /* MQTimerUITests.xctest */ = {isa = PBXFileReference; explicitFileType = wrapper.cfbundle; includeInIndex = 0; path = MQTimerUITests.xctest; sourceTree = BUILT_PRODUCTS_DIR; };
		A071FB7A1BC7902400512A24 /* MQTimerUITests.m */ = {isa = PBXFileReference; lastKnownFileType = sourcecode.c.objc; path = MQTimerUITests.m; sourceTree = "<group>"; };
		A071FB7C1BC7902400512A24 /* Info.plist */ = {isa = PBXFileReference; lastKnownFileType = text.plist.xml; path = Info.plist; sourceTree = "<group>"; };
		A071FB891BC7905600512A24 /* MQTimer.h */ = {isa = PBXFileReference; fileEncoding = 4; lastKnownFileType = sourcecode.c.h; path = MQTimer.h; sourceTree = "<group>"; };
		A071FB8A1BC7905600512A24 /* MQTimer.m */ = {isa = PBXFileReference; fileEncoding = 4; lastKnownFileType = sourcecode.c.objc; path = MQTimer.m; sourceTree = "<group>"; };
/* End PBXFileReference section */

/* Begin PBXFrameworksBuildPhase section */
		A071FB4F1BC7902400512A24 /* Frameworks */ = {
			isa = PBXFrameworksBuildPhase;
			buildActionMask = 2147483647;
			files = (
			);
			runOnlyForDeploymentPostprocessing = 0;
		};
		A071FB681BC7902400512A24 /* Frameworks */ = {
			isa = PBXFrameworksBuildPhase;
			buildActionMask = 2147483647;
			files = (
			);
			runOnlyForDeploymentPostprocessing = 0;
		};
		A071FB731BC7902400512A24 /* Frameworks */ = {
			isa = PBXFrameworksBuildPhase;
			buildActionMask = 2147483647;
			files = (
			);
			runOnlyForDeploymentPostprocessing = 0;
		};
/* End PBXFrameworksBuildPhase section */

/* Begin PBXGroup section */
		A071FB491BC7902400512A24 = {
			isa = PBXGroup;
			children = (
				A071FB541BC7902400512A24 /* MQTimer */,
				A071FB6E1BC7902400512A24 /* MQTimerTests */,
				A071FB791BC7902400512A24 /* MQTimerUITests */,
				A071FB531BC7902400512A24 /* Products */,
			);
			sourceTree = "<group>";
		};
		A071FB531BC7902400512A24 /* Products */ = {
			isa = PBXGroup;
			children = (
				A071FB521BC7902400512A24 /* MQTimer.app */,
				A071FB6B1BC7902400512A24 /* MQTimerTests.xctest */,
				A071FB761BC7902400512A24 /* MQTimerUITests.xctest */,
			);
			name = Products;
			sourceTree = "<group>";
		};
		A071FB541BC7902400512A24 /* MQTimer */ = {
			isa = PBXGroup;
			children = (
				A071FB881BC7903300512A24 /* Classes */,
				A071FB581BC7902400512A24 /* AppDelegate.h */,
				A071FB591BC7902400512A24 /* AppDelegate.m */,
				A071FB5B1BC7902400512A24 /* ViewController.h */,
				A071FB5C1BC7902400512A24 /* ViewController.m */,
				A071FB5E1BC7902400512A24 /* Main.storyboard */,
				A071FB611BC7902400512A24 /* Assets.xcassets */,
				A071FB631BC7902400512A24 /* LaunchScreen.storyboard */,
				A071FB661BC7902400512A24 /* Info.plist */,
				A071FB551BC7902400512A24 /* Supporting Files */,
			);
			path = MQTimer;
			sourceTree = "<group>";
		};
		A071FB551BC7902400512A24 /* Supporting Files */ = {
			isa = PBXGroup;
			children = (
				A071FB561BC7902400512A24 /* main.m */,
			);
			name = "Supporting Files";
			sourceTree = "<group>";
		};
		A071FB6E1BC7902400512A24 /* MQTimerTests */ = {
			isa = PBXGroup;
			children = (
				A071FB6F1BC7902400512A24 /* MQTimerTests.m */,
				A071FB711BC7902400512A24 /* Info.plist */,
			);
			path = MQTimerTests;
			sourceTree = "<group>";
		};
		A071FB791BC7902400512A24 /* MQTimerUITests */ = {
			isa = PBXGroup;
			children = (
				A071FB7A1BC7902400512A24 /* MQTimerUITests.m */,
				A071FB7C1BC7902400512A24 /* Info.plist */,
			);
			path = MQTimerUITests;
			sourceTree = "<group>";
		};
		A071FB881BC7903300512A24 /* Classes */ = {
			isa = PBXGroup;
			children = (
				A071FB891BC7905600512A24 /* MQTimer.h */,
				A071FB8A1BC7905600512A24 /* MQTimer.m */,
			);
			path = Classes;
			sourceTree = "<group>";
		};
/* End PBXGroup section */

/* Begin PBXNativeTarget section */
		A071FB511BC7902400512A24 /* MQTimer */ = {
			isa = PBXNativeTarget;
			buildConfigurationList = A071FB7F1BC7902400512A24 /* Build configuration list for PBXNativeTarget "MQTimer" */;
			buildPhases = (
				A071FB4E1BC7902400512A24 /* Sources */,
				A071FB4F1BC7902400512A24 /* Frameworks */,
				A071FB501BC7902400512A24 /* Resources */,
			);
			buildRules = (
			);
			dependencies = (
			);
			name = MQTimer;
			productName = MQTimer;
			productReference = A071FB521BC7902400512A24 /* MQTimer.app */;
			productType = "com.apple.product-type.application";
		};
		A071FB6A1BC7902400512A24 /* MQTimerTests */ = {
			isa = PBXNativeTarget;
			buildConfigurationList = A071FB821BC7902400512A24 /* Build configuration list for PBXNativeTarget "MQTimerTests" */;
			buildPhases = (
				A071FB671BC7902400512A24 /* Sources */,
				A071FB681BC7902400512A24 /* Frameworks */,
				A071FB691BC7902400512A24 /* Resources */,
			);
			buildRules = (
			);
			dependencies = (
				A071FB6D1BC7902400512A24 /* PBXTargetDependency */,
			);
			name = MQTimerTests;
			productName = MQTimerTests;
			productReference = A071FB6B1BC7902400512A24 /* MQTimerTests.xctest */;
			productType = "com.apple.product-type.bundle.unit-test";
		};
		A071FB751BC7902400512A24 /* MQTimerUITests */ = {
			isa = PBXNativeTarget;
			buildConfigurationList = A071FB851BC7902400512A24 /* Build configuration list for PBXNativeTarget "MQTimerUITests" */;
			buildPhases = (
				A071FB721BC7902400512A24 /* Sources */,
				A071FB731BC7902400512A24 /* Frameworks */,
				A071FB741BC7902400512A24 /* Resources */,
			);
			buildRules = (
			);
			dependencies = (
				A071FB781BC7902400512A24 /* PBXTargetDependency */,
			);
			name = MQTimerUITests;
			productName = MQTimerUITests;
			productReference = A071FB761BC7902400512A24 /* MQTimerUITests.xctest */;
			productType = "com.apple.product-type.bundle.ui-testing";
		};
/* End PBXNativeTarget section */

/* Begin PBXProject section */
		A071FB4A1BC7902400512A24 /* Project object */ = {
			isa = PBXProject;
			attributes = {
				LastUpgradeCheck = 0700;
				ORGANIZATIONNAME = mazengyi;
				TargetAttributes = {
					A071FB511BC7902400512A24 = {
						CreatedOnToolsVersion = 7.0.1;
					};
					A071FB6A1BC7902400512A24 = {
						CreatedOnToolsVersion = 7.0.1;
						TestTargetID = A071FB511BC7902400512A24;
					};
					A071FB751BC7902400512A24 = {
						CreatedOnToolsVersion = 7.0.1;
						TestTargetID = A071FB511BC7902400512A24;
					};
				};
			};
			buildConfigurationList = A071FB4D1BC7902400512A24 /* Build configuration list for PBXProject "MQTimer" */;
			compatibilityVersion = "Xcode 3.2";
			developmentRegion = English;
			hasScannedForEncodings = 0;
			knownRegions = (
				en,
				Base,
			);
			mainGroup = A071FB491BC7902400512A24;
			productRefGroup = A071FB531BC7902400512A24 /* Products */;
			projectDirPath = "";
			projectRoot = "";
			targets = (
				A071FB511BC7902400512A24 /* MQTimer */,
				A071FB6A1BC7902400512A24 /* MQTimerTests */,
				A071FB751BC7902400512A24 /* MQTimerUITests */,
			);
		};
/* End PBXProject section */

/* Begin PBXResourcesBuildPhase section */
		A071FB501BC7902400512A24 /* Resources */ = {
			isa = PBXResourcesBuildPhase;
			buildActionMask = 2147483647;
			files = (
				A071FB651BC7902400512A24 /* LaunchScreen.storyboard in Resources */,
				A071FB621BC7902400512A24 /* Assets.xcassets in Resources */,
				A071FB601BC7902400512A24 /* Main.storyboard in Resources */,
			);
			runOnlyForDeploymentPostprocessing = 0;
		};
		A071FB691BC7902400512A24 /* Resources */ = {
			isa = PBXResourcesBuildPhase;
			buildActionMask = 2147483647;
			files = (
			);
			runOnlyForDeploymentPostprocessing = 0;
		};
		A071FB741BC7902400512A24 /* Resources */ = {
			isa = PBXResourcesBuildPhase;
			buildActionMask = 2147483647;
			files = (
			);
			runOnlyForDeploymentPostprocessing = 0;
		};
/* End PBXResourcesBuildPhase section */

/* Begin PBXSourcesBuildPhase section */
		A071FB4E1BC7902400512A24 /* Sources */ = {
			isa = PBXSourcesBuildPhase;
			buildActionMask = 2147483647;
			files = (
				A071FB5D1BC7902400512A24 /* ViewController.m in Sources */,
				A071FB5A1BC7902400512A24 /* AppDelegate.m in Sources */,
				A071FB571BC7902400512A24 /* main.m in Sources */,
				A071FB8B1BC7905600512A24 /* MQTimer.m in Sources */,
			);
			runOnlyForDeploymentPostprocessing = 0;
		};
		A071FB671BC7902400512A24 /* Sources */ = {
			isa = PBXSourcesBuildPhase;
			buildActionMask = 2147483647;
			files = (
				A071FB701BC7902400512A24 /* MQTimerTests.m in Sources */,
			);
			runOnlyForDeploymentPostprocessing = 0;
		};
		A071FB721BC7902400512A24 /* Sources */ = {
			isa = PBXSourcesBuildPhase;
			buildActionMask = 2147483647;
			files = (
				A071FB7B1BC7902400512A24 /* MQTimerUITests.m in Sources */,
			);
			runOnlyForDeploymentPostprocessing = 0;
		};
/* End PBXSourcesBuildPhase section */

/* Begin PBXTargetDependency section */
		A071FB6D1BC7902400512A24 /* PBXTargetDependency */ = {
			isa = PBXTargetDependency;
			target = A071FB511BC7902400512A24 /* MQTimer */;
			targetProxy = A071FB6C1BC7902400512A24 /* PBXContainerItemProxy */;
		};
		A071FB781BC7902400512A24 /* PBXTargetDependency */ = {
			isa = PBXTargetDependency;
			target = A071FB511BC7902400512A24 /* MQTimer */;
			targetProxy = A071FB771BC7902400512A24 /* PBXContainerItemProxy */;
		};
/* End PBXTargetDependency section */

/* Begin PBXVariantGroup section */
		A071FB5E1BC7902400512A24 /* Main.storyboard */ = {
			isa = PBXVariantGroup;
			children = (
				A071FB5F1BC7902400512A24 /* Base */,
			);
			name = Main.storyboard;
			sourceTree = "<group>";
		};
		A071FB631BC7902400512A24 /* LaunchScreen.storyboard */ = {
			isa = PBXVariantGroup;
			children = (
				A071FB641BC7902400512A24 /* Base */,
			);
			name = LaunchScreen.storyboard;
			sourceTree = "<group>";
		};
/* End PBXVariantGroup section */

/* Begin XCBuildConfiguration section */
		A071FB7D1BC7902400512A24 /* Debug */ = {
			isa = XCBuildConfiguration;
			buildSettings = {
				ALWAYS_SEARCH_USER_PATHS = NO;
				CLANG_CXX_LANGUAGE_STANDARD = "gnu++0x";
				CLANG_CXX_LIBRARY = "libc++";
				CLANG_ENABLE_MODULES = YES;
				CLANG_ENABLE_OBJC_ARC = YES;
				CLANG_WARN_BOOL_CONVERSION = YES;
				CLANG_WARN_CONSTANT_CONVERSION = YES;
				CLANG_WARN_DIRECT_OBJC_ISA_USAGE = YES_ERROR;
				CLANG_WARN_EMPTY_BODY = YES;
				CLANG_WARN_ENUM_CONVERSION = YES;
				CLANG_WARN_INT_CONVERSION = YES;
				CLANG_WARN_OBJC_ROOT_CLASS = YES_ERROR;
				CLANG_WARN_UNREACHABLE_CODE = YES;
				CLANG_WARN__DUPLICATE_METHOD_MATCH = YES;
				"CODE_SIGN_IDENTITY[sdk=iphoneos*]" = "iPhone Developer";
				COPY_PHASE_STRIP = NO;
				DEBUG_INFORMATION_FORMAT = dwarf;
				ENABLE_STRICT_OBJC_MSGSEND = YES;
				ENABLE_TESTABILITY = YES;
				GCC_C_LANGUAGE_STANDARD = gnu99;
				GCC_DYNAMIC_NO_PIC = NO;
				GCC_NO_COMMON_BLOCKS = YES;
				GCC_OPTIMIZATION_LEVEL = 0;
				GCC_PREPROCESSOR_DEFINITIONS = (
					"DEBUG=1",
					"$(inherited)",
				);
				GCC_WARN_64_TO_32_BIT_CONVERSION = YES;
				GCC_WARN_ABOUT_RETURN_TYPE = YES_ERROR;
				GCC_WARN_UNDECLARED_SELECTOR = YES;
				GCC_WARN_UNINITIALIZED_AUTOS = YES_AGGRESSIVE;
				GCC_WARN_UNUSED_FUNCTION = YES;
				GCC_WARN_UNUSED_VARIABLE = YES;
				IPHONEOS_DEPLOYMENT_TARGET = 8.4;
				MTL_ENABLE_DEBUG_INFO = YES;
				ONLY_ACTIVE_ARCH = YES;
				SDKROOT = iphoneos;
			};
			name = Debug;
		};
		A071FB7E1BC7902400512A24 /* Release */ = {
			isa = XCBuildConfiguration;
			buildSettings = {
				ALWAYS_SEARCH_USER_PATHS = NO;
				CLANG_CXX_LANGUAGE_STANDARD = "gnu++0x";
				CLANG_CXX_LIBRARY = "libc++";
				CLANG_ENABLE_MODULES = YES;
				CLANG_ENABLE_OBJC_ARC = YES;
				CLANG_WARN_BOOL_CONVERSION = YES;
				CLANG_WARN_CONSTANT_CONVERSION = YES;
				CLANG_WARN_DIRECT_OBJC_ISA_USAGE = YES_ERROR;
				CLANG_WARN_EMPTY_BODY = YES;
				CLANG_WARN_ENUM_CONVERSION = YES;
				CLANG_WARN_INT_CONVERSION = YES;
				CLANG_WARN_OBJC_ROOT_CLASS = YES_ERROR;
				CLANG_WARN_UNREACHABLE_CODE = YES;
				CLANG_WARN__DUPLICATE_METHOD_MATCH = YES;
				"CODE_SIGN_IDENTITY[sdk=iphoneos*]" = "iPhone Developer";
				COPY_PHASE_STRIP = NO;
				DEBUG_INFORMATION_FORMAT = "dwarf-with-dsym";
				ENABLE_NS_ASSERTIONS = NO;
				ENABLE_STRICT_OBJC_MSGSEND = YES;
				GCC_C_LANGUAGE_STANDARD = gnu99;
				GCC_NO_COMMON_BLOCKS = YES;
				GCC_WARN_64_TO_32_BIT_CONVERSION = YES;
				GCC_WARN_ABOUT_RETURN_TYPE = YES_ERROR;
				GCC_WARN_UNDECLARED_SELECTOR = YES;
				GCC_WARN_UNINITIALIZED_AUTOS = YES_AGGRESSIVE;
				GCC_WARN_UNUSED_FUNCTION = YES;
				GCC_WARN_UNUSED_VARIABLE = YES;
				IPHONEOS_DEPLOYMENT_TARGET = 8.4;
				MTL_ENABLE_DEBUG_INFO = NO;
				SDKROOT = iphoneos;
				VALIDATE_PRODUCT = YES;
			};
			name = Release;
		};
		A071FB801BC7902400512A24 /* Debug */ = {
			isa = XCBuildConfiguration;
			buildSettings = {
				ASSETCATALOG_COMPILER_APPICON_NAME = AppIcon;
				INFOPLIST_FILE = MQTimer/Info.plist;
				LD_RUNPATH_SEARCH_PATHS = "$(inherited) @executable_path/Frameworks";
				PRODUCT_BUNDLE_IDENTIFIER = com.mazengyi.MQTimer;
				PRODUCT_NAME = "$(TARGET_NAME)";
			};
			name = Debug;
		};
		A071FB811BC7902400512A24 /* Release */ = {
			isa = XCBuildConfiguration;
			buildSettings = {
				ASSETCATALOG_COMPILER_APPICON_NAME = AppIcon;
				INFOPLIST_FILE = MQTimer/Info.plist;
				LD_RUNPATH_SEARCH_PATHS = "$(inherited) @executable_path/Frameworks";
				PRODUCT_BUNDLE_IDENTIFIER = com.mazengyi.MQTimer;
				PRODUCT_NAME = "$(TARGET_NAME)";
			};
			name = Release;
		};
		A071FB831BC7902400512A24 /* Debug */ = {
			isa = XCBuildConfiguration;
			buildSettings = {
				BUNDLE_LOADER = "$(TEST_HOST)";
				INFOPLIST_FILE = MQTimerTests/Info.plist;
				LD_RUNPATH_SEARCH_PATHS = "$(inherited) @executable_path/Frameworks @loader_path/Frameworks";
				PRODUCT_BUNDLE_IDENTIFIER = com.mazengyi.MQTimerTests;
				PRODUCT_NAME = "$(TARGET_NAME)";
				TEST_HOST = "$(BUILT_PRODUCTS_DIR)/MQTimer.app/MQTimer";
			};
			name = Debug;
		};
		A071FB841BC7902400512A24 /* Release */ = {
			isa = XCBuildConfiguration;
			buildSettings = {
				BUNDLE_LOADER = "$(TEST_HOST)";
				INFOPLIST_FILE = MQTimerTests/Info.plist;
				LD_RUNPATH_SEARCH_PATHS = "$(inherited) @executable_path/Frameworks @loader_path/Frameworks";
				PRODUCT_BUNDLE_IDENTIFIER = com.mazengyi.MQTimerTests;
				PRODUCT_NAME = "$(TARGET_NAME)";
				TEST_HOST = "$(BUILT_PRODUCTS_DIR)/MQTimer.app/MQTimer";
			};
			name = Release;
		};
		A071FB861BC7902400512A24 /* Debug */ = {
			isa = XCBuildConfiguration;
			buildSettings = {
				INFOPLIST_FILE = MQTimerUITests/Info.plist;
				LD_RUNPATH_SEARCH_PATHS = "$(inherited) @executable_path/Frameworks @loader_path/Frameworks";
				PRODUCT_BUNDLE_IDENTIFIER = com.mazengyi.MQTimerUITests;
				PRODUCT_NAME = "$(TARGET_NAME)";
				TEST_TARGET_NAME = MQTimer;
				USES_XCTRUNNER = YES;
			};
			name = Debug;
		};
		A071FB871BC7902400512A24 /* Release */ = {
			isa = XCBuildConfiguration;
			buildSettings = {
				INFOPLIST_FILE = MQTimerUITests/Info.plist;
				LD_RUNPATH_SEARCH_PATHS = "$(inherited) @executable_path/Frameworks @loader_path/Frameworks";
				PRODUCT_BUNDLE_IDENTIFIER = com.mazengyi.MQTimerUITests;
				PRODUCT_NAME = "$(TARGET_NAME)";
				TEST_TARGET_NAME = MQTimer;
				USES_XCTRUNNER = YES;
			};
			name = Release;
		};
/* End XCBuildConfiguration section */

/* Begin XCConfigurationList section */
		A071FB4D1BC7902400512A24 /* Build configuration list for PBXProject "MQTimer" */ = {
			isa = XCConfigurationList;
			buildConfigurations = (
				A071FB7D1BC7902400512A24 /* Debug */,
				A071FB7E1BC7902400512A24 /* Release */,
			);
			defaultConfigurationIsVisible = 0;
			defaultConfigurationName = Release;
		};
		A071FB7F1BC7902400512A24 /* Build configuration list for PBXNativeTarget "MQTimer" */ = {
			isa = XCConfigurationList;
			buildConfigurations = (
				A071FB801BC7902400512A24 /* Debug */,
				A071FB811BC7902400512A24 /* Release */,
			);
			defaultConfigurationIsVisible = 0;
		};
		A071FB821BC7902400512A24 /* Build configuration list for PBXNativeTarget "MQTimerTests" */ = {
			isa = XCConfigurationList;
			buildConfigurations = (
				A071FB831BC7902400512A24 /* Debug */,
				A071FB841BC7902400512A24 /* Release */,
			);
			defaultConfigurationIsVisible = 0;
		};
		A071FB851BC7902400512A24 /* Build configuration list for PBXNativeTarget "MQTimerUITests" */ = {
			isa = XCConfigurationList;
			buildConfigurations = (
				A071FB861BC7902400512A24 /* Debug */,
				A071FB871BC7902400512A24 /* Release */,
			);
			defaultConfigurationIsVisible = 0;
		};
/* End XCConfigurationList section */
	};
	rootObject = A071FB4A1BC7902400512A24 /* Project object */;
}
